
Microsoft Visual Studio Solution File, Format Version 12.00
# Visual Studio Version 16
VisualStudioVersion = 16.0.30523.141
MinimumVisualStudioVersion = 10.0.40219.1
Project("{FAE04EC0-301F-11D3-BF4B-00C04F79EFBC}") = "pp4course", "pp4course\pp4course.csproj", "{AAD7F018-7AAF-4F39-AF2C-F7B2E119D91E}"
EndProject
Global
	GlobalSection(SolutionConfigurationPlatforms) = preSolution
		Debug|Any CPU = Debug|Any CPU
		Release|Any CPU = Release|Any CPU
	EndGlobalSection
	GlobalSection(ProjectConfigurationPlatforms) = postSolution
		{AAD7F018-7AAF-4F39-AF2C-F7B2E119D91E}.Debug|Any CPU.ActiveCfg = Debug|Any CPU
		{AAD7F018-7AAF-4F39-AF2C-F7B2E119D91E}.Debug|Any CPU.Build.0 = Debug|Any CPU
		{AAD7F018-7AAF-4F39-AF2C-F7B2E119D91E}.Release|Any CPU.ActiveCfg = Release|Any CPU
		{AAD7F018-7AAF-4F39-AF2C-F7B2E119D91E}.Release|Any CPU.Build.0 = Release|Any CPU
	EndGlobalSection
	GlobalSection(SolutionProperties) = preSolution
		HideSolutionNode = FALSE
	EndGlobalSection
	GlobalSection(ExtensibilityGlobals) = postSolution
		SolutionGuid = {DEE6C34B-DA5F-449F-9319-052BA4C2CB3E}
	EndGlobalSection
EndGlobal
